
Microsoft Visual Studio Solution File, Format Version 12.00
# Visual Studio 15
Project("{FAE04EC0-301F-11D3-BF4B-00C04F79EFBC}") = "UnityEngine.UI", "UnityEngine.UI.csproj", "{1E513339-E557-A163-F26F-7245080E887E}"
EndProject
Project("{FAE04EC0-301F-11D3-BF4B-00C04F79EFBC}") = "Assembly-CSharp", "Assembly-CSharp.csproj", "{4014225B-05E9-BD25-E22A-281FD8BF71E1}"
EndProject
Project("{FAE04EC0-301F-11D3-BF4B-00C04F79EFBC}") = "Unity.2D.Tilemap.Editor", "Unity.2D.Tilemap.Editor.csproj", "{0129BB49-A3AB-D0D2-CA59-92E47A0E2EAD}"
EndProject
Project("{FAE04EC0-301F-11D3-BF4B-00C04F79EFBC}") = "Unity.2D.Sprite.Editor", "Unity.2D.Sprite.Editor.csproj", "{1D31E6A3-3A43-3168-3E8D-081DDA052885}"
EndProject
Project("{FAE04EC0-301F-11D3-BF4B-00C04F79EFBC}") = "UnityEditor.UI", "UnityEditor.UI.csproj", "{48CD0CFD-5F7A-1812-2429-59C653B2EB08}"
EndProject
Global
	GlobalSection(SolutionConfigurationPlatforms) = preSolution
		Debug|Any CPU = Debug|Any CPU
		Release|Any CPU = Release|Any CPU
	EndGlobalSection
	GlobalSection(ProjectConfigurationPlatforms) = postSolution
		{1E513339-E557-A163-F26F-7245080E887E}.Debug|Any CPU.ActiveCfg = Debug|Any CPU
		{1E513339-E557-A163-F26F-7245080E887E}.Debug|Any CPU.Build.0 = Debug|Any CPU
		{1E513339-E557-A163-F26F-7245080E887E}.Release|Any CPU.ActiveCfg = Release|Any CPU
		{1E513339-E557-A163-F26F-7245080E887E}.Release|Any CPU.Build.0 = Release|Any CPU
		{4014225B-05E9-BD25-E22A-281FD8BF71E1}.Debug|Any CPU.ActiveCfg = Debug|Any CPU
		{4014225B-05E9-BD25-E22A-281FD8BF71E1}.Debug|Any CPU.Build.0 = Debug|Any CPU
		{4014225B-05E9-BD25-E22A-281FD8BF71E1}.Release|Any CPU.ActiveCfg = Release|Any CPU
		{4014225B-05E9-BD25-E22A-281FD8BF71E1}.Release|Any CPU.Build.0 = Release|Any CPU
		{0129BB49-A3AB-D0D2-CA59-92E47A0E2EAD}.Debug|Any CPU.ActiveCfg = Debug|Any CPU
		{0129BB49-A3AB-D0D2-CA59-92E47A0E2EAD}.Debug|Any CPU.Build.0 = Debug|Any CPU
		{0129BB49-A3AB-D0D2-CA59-92E47A0E2EAD}.Release|Any CPU.ActiveCfg = Release|Any CPU
		{0129BB49-A3AB-D0D2-CA59-92E47A0E2EAD}.Release|Any CPU.Build.0 = Release|Any CPU
		{1D31E6A3-3A43-3168-3E8D-081DDA052885}.Debug|Any CPU.ActiveCfg = Debug|Any CPU
		{1D31E6A3-3A43-3168-3E8D-081DDA052885}.Debug|Any CPU.Build.0 = Debug|Any CPU
		{1D31E6A3-3A43-3168-3E8D-081DDA052885}.Release|Any CPU.ActiveCfg = Release|Any CPU
		{1D31E6A3-3A43-3168-3E8D-081DDA052885}.Release|Any CPU.Build.0 = Release|Any CPU
		{48CD0CFD-5F7A-1812-2429-59C653B2EB08}.Debug|Any CPU.ActiveCfg = Debug|Any CPU
		{48CD0CFD-5F7A-1812-2429-59C653B2EB08}.Debug|Any CPU.Build.0 = Debug|Any CPU
		{48CD0CFD-5F7A-1812-2429-59C653B2EB08}.Release|Any CPU.ActiveCfg = Release|Any CPU
		{48CD0CFD-5F7A-1812-2429-59C653B2EB08}.Release|Any CPU.Build.0 = Release|Any CPU
	EndGlobalSection
	GlobalSection(SolutionProperties) = preSolution
		HideSolutionNode = FALSE
	EndGlobalSection
EndGlobal
